
Microsoft Visual Studio Solution File, Format Version 12.00
# Visual Studio Version 16
VisualStudioVersion = 16.0.29403.142
MinimumVisualStudioVersion = 10.0.40219.1
Project("{9A19103F-16F7-4668-BE54-9A1E7A4F7556}") = "WeatherMonitor.Api", "WheatherMonitor.API\WeatherMonitor.Api.csproj", "{F0AF92CA-6C3E-40C5-A03D-4CAC66E8FE0F}"
EndProject
Project("{9A19103F-16F7-4668-BE54-9A1E7A4F7556}") = "WeatherMonitor.Infrastructure", "WeatherMonitor.Infrastructure\WeatherMonitor.Infrastructure.csproj", "{3543C01B-D89A-4C04-995C-14EA219DEA19}"
EndProject
Project("{9A19103F-16F7-4668-BE54-9A1E7A4F7556}") = "WeatherMonitor.Core", "WeatherMonitor.Core\WeatherMonitor.Core.csproj", "{29817FA1-5639-453D-BD68-0E555CED8E75}"
EndProject
Project("{FAE04EC0-301F-11D3-BF4B-00C04F79EFBC}") = "WeatherMonitor.AzureFunctions", "WeatherMonitor.AzureFunctions\WeatherMonitor.AzureFunctions.csproj", "{8E5DFD31-06EF-4AC7-BAF0-1DBEB1390B3A}"
EndProject
Global
	GlobalSection(SolutionConfigurationPlatforms) = preSolution
		Debug|Any CPU = Debug|Any CPU
		Release|Any CPU = Release|Any CPU
	EndGlobalSection
	GlobalSection(ProjectConfigurationPlatforms) = postSolution
		{F0AF92CA-6C3E-40C5-A03D-4CAC66E8FE0F}.Debug|Any CPU.ActiveCfg = Debug|Any CPU
		{F0AF92CA-6C3E-40C5-A03D-4CAC66E8FE0F}.Debug|Any CPU.Build.0 = Debug|Any CPU
		{F0AF92CA-6C3E-40C5-A03D-4CAC66E8FE0F}.Release|Any CPU.ActiveCfg = Release|Any CPU
		{F0AF92CA-6C3E-40C5-A03D-4CAC66E8FE0F}.Release|Any CPU.Build.0 = Release|Any CPU
		{3543C01B-D89A-4C04-995C-14EA219DEA19}.Debug|Any CPU.ActiveCfg = Debug|Any CPU
		{3543C01B-D89A-4C04-995C-14EA219DEA19}.Debug|Any CPU.Build.0 = Debug|Any CPU
		{3543C01B-D89A-4C04-995C-14EA219DEA19}.Release|Any CPU.ActiveCfg = Release|Any CPU
		{3543C01B-D89A-4C04-995C-14EA219DEA19}.Release|Any CPU.Build.0 = Release|Any CPU
		{29817FA1-5639-453D-BD68-0E555CED8E75}.Debug|Any CPU.ActiveCfg = Debug|Any CPU
		{29817FA1-5639-453D-BD68-0E555CED8E75}.Debug|Any CPU.Build.0 = Debug|Any CPU
		{29817FA1-5639-453D-BD68-0E555CED8E75}.Release|Any CPU.ActiveCfg = Release|Any CPU
		{29817FA1-5639-453D-BD68-0E555CED8E75}.Release|Any CPU.Build.0 = Release|Any CPU
		{8E5DFD31-06EF-4AC7-BAF0-1DBEB1390B3A}.Debug|Any CPU.ActiveCfg = Debug|Any CPU
		{8E5DFD31-06EF-4AC7-BAF0-1DBEB1390B3A}.Debug|Any CPU.Build.0 = Debug|Any CPU
		{8E5DFD31-06EF-4AC7-BAF0-1DBEB1390B3A}.Release|Any CPU.ActiveCfg = Release|Any CPU
		{8E5DFD31-06EF-4AC7-BAF0-1DBEB1390B3A}.Release|Any CPU.Build.0 = Release|Any CPU
	EndGlobalSection
	GlobalSection(SolutionProperties) = preSolution
		HideSolutionNode = FALSE
	EndGlobalSection
	GlobalSection(ExtensibilityGlobals) = postSolution
		SolutionGuid = {98484F6C-CF73-49A1-A591-9D375A947745}
	EndGlobalSection
EndGlobal
